
Microsoft Visual Studio Solution File, Format Version 12.00
# Visual Studio Version 17
VisualStudioVersion = 17.9.34701.34
MinimumVisualStudioVersion = 10.0.40219.1
Project("{9A19103F-16F7-4668-BE54-9A1E7A4F7556}") = "Playwright", "Playwright.csproj", "{FD472BA9-093F-4579-8BAC-703E47417BFC}"
EndProject
Project("{2150E333-8FDC-42A3-9474-1A3956D46DE8}") = "Solution Items", "Solution Items", "{F2790541-8712-47C6-929B-15505B8F9284}"
	ProjectSection(SolutionItems) = preProject
		.editorconfig = .editorconfig
	EndProjectSection
EndProject
Global
	GlobalSection(SolutionConfigurationPlatforms) = preSolution
		Debug|Any CPU = Debug|Any CPU
		Release|Any CPU = Release|Any CPU
	EndGlobalSection
	GlobalSection(ProjectConfigurationPlatforms) = postSolution
		{FD472BA9-093F-4579-8BAC-703E47417BFC}.Debug|Any CPU.ActiveCfg = Debug|Any CPU
		{FD472BA9-093F-4579-8BAC-703E47417BFC}.Debug|Any CPU.Build.0 = Debug|Any CPU
		{FD472BA9-093F-4579-8BAC-703E47417BFC}.Release|Any CPU.ActiveCfg = Release|Any CPU
		{FD472BA9-093F-4579-8BAC-703E47417BFC}.Release|Any CPU.Build.0 = Release|Any CPU
	EndGlobalSection
	GlobalSection(SolutionProperties) = preSolution
		HideSolutionNode = FALSE
	EndGlobalSection
	GlobalSection(ExtensibilityGlobals) = postSolution
		SolutionGuid = {7F8DD6B2-C17D-4C93-8D88-2D7476DD1727}
	EndGlobalSection
EndGlobal
